
Microsoft Visual Studio Solution File, Format Version 12.00
# Visual Studio Version 17
VisualStudioVersion = 17.0.32014.148
MinimumVisualStudioVersion = 10.0.40219.1
Project("{FAE04EC0-301F-11D3-BF4B-00C04F79EFBC}") = "Task3", "Task3\Task3.csproj", "{B06AE8B4-1136-47C0-940E-58A0B25BA55F}"
EndProject
Global
	GlobalSection(SolutionConfigurationPlatforms) = preSolution
		Debug|Any CPU = Debug|Any CPU
		Release|Any CPU = Release|Any CPU
	EndGlobalSection
	GlobalSection(ProjectConfigurationPlatforms) = postSolution
		{B06AE8B4-1136-47C0-940E-58A0B25BA55F}.Debug|Any CPU.ActiveCfg = Debug|Any CPU
		{B06AE8B4-1136-47C0-940E-58A0B25BA55F}.Debug|Any CPU.Build.0 = Debug|Any CPU
		{B06AE8B4-1136-47C0-940E-58A0B25BA55F}.Release|Any CPU.ActiveCfg = Release|Any CPU
		{B06AE8B4-1136-47C0-940E-58A0B25BA55F}.Release|Any CPU.Build.0 = Release|Any CPU
	EndGlobalSection
	GlobalSection(SolutionProperties) = preSolution
		HideSolutionNode = FALSE
	EndGlobalSection
	GlobalSection(ExtensibilityGlobals) = postSolution
		SolutionGuid = {B6A7E027-AEC9-4189-8F2A-DA34BD4DE9EB}
	EndGlobalSection
EndGlobal
